
Microsoft Visual Studio Solution File, Format Version 12.00
# Visual Studio Version 18
VisualStudioVersion = 18.5.11709.299 stable
MinimumVisualStudioVersion = 10.0.40219.1
Project("{2150E333-8FDC-42A3-9474-1A3956D46DE8}") = "src", "src", "{6344F9AA-7010-4976-AAA7-2E00BF120458}"
EndProject
Project("{2150E333-8FDC-42A3-9474-1A3956D46DE8}") = "Services", "Services", "{22C5FEB1-0189-4D08-B8D5-C2FC956B0039}"
EndProject
Project("{2150E333-8FDC-42A3-9474-1A3956D46DE8}") = "Shared", "Shared", "{3D11D8C7-6780-4F6A-8F94-2380545D7DC8}"
EndProject
Project("{2150E333-8FDC-42A3-9474-1A3956D46DE8}") = "AuthService", "AuthService", "{D95C796E-7F0B-4CE7-BB37-4D4127D5FAB7}"
EndProject
Project("{FAE04EC0-301F-11D3-BF4B-00C04F79EFBC}") = "CompraVenta.Persistence", "CompraVenta.Persistence\CompraVenta.Persistence.csproj", "{6D920EEF-0546-43CA-8652-EA03556E1340}"
EndProject
Project("{FAE04EC0-301F-11D3-BF4B-00C04F79EFBC}") = "CompraVenta.Domain", "CompraVenta.Domain\CompraVenta.Domain.csproj", "{40A797B7-5956-424F-8614-3604C4124AA1}"
EndProject
Project("{2150E333-8FDC-42A3-9474-1A3956D46DE8}") = "lib", "lib", "{845CC2E7-1144-41D4-8116-2538E690045C}"
EndProject
Project("{FAE04EC0-301F-11D3-BF4B-00C04F79EFBC}") = "CompraVenta.Util", "CompraVenta.Util\CompraVenta.Util.csproj", "{32C678AF-F112-43AB-AEEE-255B569C934A}"
EndProject
Project("{FAE04EC0-301F-11D3-BF4B-00C04F79EFBC}") = "CompraVenta.Auth.Core", "CompraVenta.Auth.Core\CompraVenta.Auth.Core.csproj", "{652F5996-51DB-403F-941A-2FEE012962EB}"
EndProject
Project("{FAE04EC0-301F-11D3-BF4B-00C04F79EFBC}") = "CompraVenta.Auth.Infrastructure", "CompraVenta.Auth.Infrastructure\CompraVenta.Auth.Infrastructure.csproj", "{604D66B3-622B-4113-BF08-029E0CF7AD08}"
EndProject
Project("{FAE04EC0-301F-11D3-BF4B-00C04F79EFBC}") = "CompraVenta.Auth.API", "CompraVenta.Auth.API\CompraVenta.Auth.API.csproj", "{03AA6A38-B0C2-4C70-8615-F6F4A69BC12A}"
EndProject
Project("{2150E333-8FDC-42A3-9474-1A3956D46DE8}") = "Gateway", "Gateway", "{43EBF93E-C8AC-4CC5-900A-923F3313BFA0}"
EndProject
Project("{FAE04EC0-301F-11D3-BF4B-00C04F79EFBC}") = "CompraVenta.Gateway", "CompraVenta.Gateway\CompraVenta.Gateway.csproj", "{02EA04B5-3B81-4978-8D3D-49D5EAC9C67F}"
EndProject
Project("{FAE04EC0-301F-11D3-BF4B-00C04F79EFBC}") = "CompraVenta.Security", "CompraVenta.Security\CompraVenta.Security.csproj", "{6A5C776D-CC99-401D-AE0E-EB61B231B04A}"
EndProject
Project("{2150E333-8FDC-42A3-9474-1A3956D46DE8}") = "CommerceService", "CommerceService", "{17DF8AB3-0F02-4A55-A58B-31FDC43DC4B7}"
EndProject
Project("{FAE04EC0-301F-11D3-BF4B-00C04F79EFBC}") = "CompraVenta.Commerce.Core", "CompraVenta.Product.Core\CompraVenta.Commerce.Core.csproj", "{21E39EC4-8C22-404D-A68E-7126FF85FE74}"
EndProject
Project("{FAE04EC0-301F-11D3-BF4B-00C04F79EFBC}") = "CompraVenta.Commerce.Infrastructure", "CompraVenta.Product.Infrastructure\CompraVenta.Commerce.Infrastructure.csproj", "{C6B057D6-2080-4693-8DA0-06F6F6784BD8}"
EndProject
Project("{FAE04EC0-301F-11D3-BF4B-00C04F79EFBC}") = "CompraVenta.Commerce.API", "CompraVenta.Product.API\CompraVenta.Commerce.API.csproj", "{BB711319-8D8F-40B1-AF5F-517B4D134B55}"
EndProject
Global
	GlobalSection(SolutionConfigurationPlatforms) = preSolution
		Debug|Any CPU = Debug|Any CPU
		Release|Any CPU = Release|Any CPU
	EndGlobalSection
	GlobalSection(ProjectConfigurationPlatforms) = postSolution
		{6D920EEF-0546-43CA-8652-EA03556E1340}.Debug|Any CPU.ActiveCfg = Debug|Any CPU
		{6D920EEF-0546-43CA-8652-EA03556E1340}.Debug|Any CPU.Build.0 = Debug|Any CPU
		{6D920EEF-0546-43CA-8652-EA03556E1340}.Release|Any CPU.ActiveCfg = Release|Any CPU
		{6D920EEF-0546-43CA-8652-EA03556E1340}.Release|Any CPU.Build.0 = Release|Any CPU
		{40A797B7-5956-424F-8614-3604C4124AA1}.Debug|Any CPU.ActiveCfg = Debug|Any CPU
		{40A797B7-5956-424F-8614-3604C4124AA1}.Debug|Any CPU.Build.0 = Debug|Any CPU
		{40A797B7-5956-424F-8614-3604C4124AA1}.Release|Any CPU.ActiveCfg = Release|Any CPU
		{40A797B7-5956-424F-8614-3604C4124AA1}.Release|Any CPU.Build.0 = Release|Any CPU
		{32C678AF-F112-43AB-AEEE-255B569C934A}.Debug|Any CPU.ActiveCfg = Debug|Any CPU
		{32C678AF-F112-43AB-AEEE-255B569C934A}.Debug|Any CPU.Build.0 = Debug|Any CPU
		{32C678AF-F112-43AB-AEEE-255B569C934A}.Release|Any CPU.ActiveCfg = Release|Any CPU
		{32C678AF-F112-43AB-AEEE-255B569C934A}.Release|Any CPU.Build.0 = Release|Any CPU
		{652F5996-51DB-403F-941A-2FEE012962EB}.Debug|Any CPU.ActiveCfg = Debug|Any CPU
		{652F5996-51DB-403F-941A-2FEE012962EB}.Debug|Any CPU.Build.0 = Debug|Any CPU
		{652F5996-51DB-403F-941A-2FEE012962EB}.Release|Any CPU.ActiveCfg = Release|Any CPU
		{652F5996-51DB-403F-941A-2FEE012962EB}.Release|Any CPU.Build.0 = Release|Any CPU
		{604D66B3-622B-4113-BF08-029E0CF7AD08}.Debug|Any CPU.ActiveCfg = Debug|Any CPU
		{604D66B3-622B-4113-BF08-029E0CF7AD08}.Debug|Any CPU.Build.0 = Debug|Any CPU
		{604D66B3-622B-4113-BF08-029E0CF7AD08}.Release|Any CPU.ActiveCfg = Release|Any CPU
		{604D66B3-622B-4113-BF08-029E0CF7AD08}.Release|Any CPU.Build.0 = Release|Any CPU
		{03AA6A38-B0C2-4C70-8615-F6F4A69BC12A}.Debug|Any CPU.ActiveCfg = Debug|Any CPU
		{03AA6A38-B0C2-4C70-8615-F6F4A69BC12A}.Debug|Any CPU.Build.0 = Debug|Any CPU
		{03AA6A38-B0C2-4C70-8615-F6F4A69BC12A}.Release|Any CPU.ActiveCfg = Release|Any CPU
		{03AA6A38-B0C2-4C70-8615-F6F4A69BC12A}.Release|Any CPU.Build.0 = Release|Any CPU
		{02EA04B5-3B81-4978-8D3D-49D5EAC9C67F}.Debug|Any CPU.ActiveCfg = Debug|Any CPU
		{02EA04B5-3B81-4978-8D3D-49D5EAC9C67F}.Debug|Any CPU.Build.0 = Debug|Any CPU
		{02EA04B5-3B81-4978-8D3D-49D5EAC9C67F}.Release|Any CPU.ActiveCfg = Release|Any CPU
		{02EA04B5-3B81-4978-8D3D-49D5EAC9C67F}.Release|Any CPU.Build.0 = Release|Any CPU
		{6A5C776D-CC99-401D-AE0E-EB61B231B04A}.Debug|Any CPU.ActiveCfg = Debug|Any CPU
		{6A5C776D-CC99-401D-AE0E-EB61B231B04A}.Debug|Any CPU.Build.0 = Debug|Any CPU
		{6A5C776D-CC99-401D-AE0E-EB61B231B04A}.Release|Any CPU.ActiveCfg = Release|Any CPU
		{6A5C776D-CC99-401D-AE0E-EB61B231B04A}.Release|Any CPU.Build.0 = Release|Any CPU
		{21E39EC4-8C22-404D-A68E-7126FF85FE74}.Debug|Any CPU.ActiveCfg = Debug|Any CPU
		{21E39EC4-8C22-404D-A68E-7126FF85FE74}.Debug|Any CPU.Build.0 = Debug|Any CPU
		{21E39EC4-8C22-404D-A68E-7126FF85FE74}.Release|Any CPU.ActiveCfg = Release|Any CPU
		{21E39EC4-8C22-404D-A68E-7126FF85FE74}.Release|Any CPU.Build.0 = Release|Any CPU
		{C6B057D6-2080-4693-8DA0-06F6F6784BD8}.Debug|Any CPU.ActiveCfg = Debug|Any CPU
		{C6B057D6-2080-4693-8DA0-06F6F6784BD8}.Debug|Any CPU.Build.0 = Debug|Any CPU
		{C6B057D6-2080-4693-8DA0-06F6F6784BD8}.Release|Any CPU.ActiveCfg = Release|Any CPU
		{C6B057D6-2080-4693-8DA0-06F6F6784BD8}.Release|Any CPU.Build.0 = Release|Any CPU
		{BB711319-8D8F-40B1-AF5F-517B4D134B55}.Debug|Any CPU.ActiveCfg = Debug|Any CPU
		{BB711319-8D8F-40B1-AF5F-517B4D134B55}.Debug|Any CPU.Build.0 = Debug|Any CPU
		{BB711319-8D8F-40B1-AF5F-517B4D134B55}.Release|Any CPU.ActiveCfg = Release|Any CPU
		{BB711319-8D8F-40B1-AF5F-517B4D134B55}.Release|Any CPU.Build.0 = Release|Any CPU
	EndGlobalSection
	GlobalSection(SolutionProperties) = preSolution
		HideSolutionNode = FALSE
	EndGlobalSection
	GlobalSection(NestedProjects) = preSolution
		{22C5FEB1-0189-4D08-B8D5-C2FC956B0039} = {6344F9AA-7010-4976-AAA7-2E00BF120458}
		{3D11D8C7-6780-4F6A-8F94-2380545D7DC8} = {6344F9AA-7010-4976-AAA7-2E00BF120458}
		{D95C796E-7F0B-4CE7-BB37-4D4127D5FAB7} = {22C5FEB1-0189-4D08-B8D5-C2FC956B0039}
		{6D920EEF-0546-43CA-8652-EA03556E1340} = {3D11D8C7-6780-4F6A-8F94-2380545D7DC8}
		{40A797B7-5956-424F-8614-3604C4124AA1} = {3D11D8C7-6780-4F6A-8F94-2380545D7DC8}
		{32C678AF-F112-43AB-AEEE-255B569C934A} = {845CC2E7-1144-41D4-8116-2538E690045C}
		{652F5996-51DB-403F-941A-2FEE012962EB} = {D95C796E-7F0B-4CE7-BB37-4D4127D5FAB7}
		{604D66B3-622B-4113-BF08-029E0CF7AD08} = {D95C796E-7F0B-4CE7-BB37-4D4127D5FAB7}
		{03AA6A38-B0C2-4C70-8615-F6F4A69BC12A} = {D95C796E-7F0B-4CE7-BB37-4D4127D5FAB7}
		{43EBF93E-C8AC-4CC5-900A-923F3313BFA0} = {6344F9AA-7010-4976-AAA7-2E00BF120458}
		{02EA04B5-3B81-4978-8D3D-49D5EAC9C67F} = {43EBF93E-C8AC-4CC5-900A-923F3313BFA0}
		{6A5C776D-CC99-401D-AE0E-EB61B231B04A} = {3D11D8C7-6780-4F6A-8F94-2380545D7DC8}
		{17DF8AB3-0F02-4A55-A58B-31FDC43DC4B7} = {22C5FEB1-0189-4D08-B8D5-C2FC956B0039}
		{21E39EC4-8C22-404D-A68E-7126FF85FE74} = {17DF8AB3-0F02-4A55-A58B-31FDC43DC4B7}
		{C6B057D6-2080-4693-8DA0-06F6F6784BD8} = {17DF8AB3-0F02-4A55-A58B-31FDC43DC4B7}
		{BB711319-8D8F-40B1-AF5F-517B4D134B55} = {17DF8AB3-0F02-4A55-A58B-31FDC43DC4B7}
	EndGlobalSection
	GlobalSection(ExtensibilityGlobals) = postSolution
		SolutionGuid = {7E970C58-9C5B-4488-9B42-E8F131C4177E}
	EndGlobalSection
EndGlobal
